
Microsoft Visual Studio Solution File, Format Version 12.00
# Visual Studio Version 17
VisualStudioVersion = 17.5.33424.131
MinimumVisualStudioVersion = 10.0.40219.1
Project("{2150E333-8FDC-42A3-9474-1A3956D46DE8}") = "deploy", "deploy", "{441DD4CB-9686-4837-8633-4DD957019E1A}"
EndProject
Project("{2150E333-8FDC-42A3-9474-1A3956D46DE8}") = "src", "src", "{D15CDB08-C685-4D3E-B30B-181978C1FF84}"
EndProject
Project("{2150E333-8FDC-42A3-9474-1A3956D46DE8}") = "test", "test", "{5C2217FF-EB32-43C9-8A6C-69877E1989B3}"
EndProject
Project("{FAE04EC0-301F-11D3-BF4B-00C04F79EFBC}") = "FundAdminRestAPI", "FundAdminRestAPI\FundAdminRestAPI.csproj", "{4A677EE0-5176-4E7C-9D1B-AD562AE92BF7}"
EndProject
Project("{FAE04EC0-301F-11D3-BF4B-00C04F79EFBC}") = "FundAdminRestAPI.BusinessLogic", "FundAdminRestAPI.BusinessLogic\FundAdminRestAPI.BusinessLogic.csproj", "{BB48023D-188C-4CFF-86BE-8FF0341E8E8D}"
EndProject
Project("{FAE04EC0-301F-11D3-BF4B-00C04F79EFBC}") = "FundAdminRestAPI.Common", "FundAdminRestAPI.Common\FundAdminRestAPI.Common.csproj", "{B771CF17-79EE-41E9-82D9-B9EC95887B48}"
EndProject
Project("{FAE04EC0-301F-11D3-BF4B-00C04F79EFBC}") = "FundAdminRestAPI.DataLayer", "FundAdminRestAPI.DataLayer\FundAdminRestAPI.DataLayer.csproj", "{397C11AB-64BF-43D8-84AA-26F2773C3216}"
EndProject
Project("{FAE04EC0-301F-11D3-BF4B-00C04F79EFBC}") = "FundAdminRestAPI.Interfaces", "FundAdminRestAPI.Interfaces\FundAdminRestAPI.Interfaces.csproj", "{B1917C5A-9F31-4B24-9CA8-AA44C525F45D}"
EndProject
Project("{FAE04EC0-301F-11D3-BF4B-00C04F79EFBC}") = "FundAdminRestAPI.Models", "FundAdminRestAPI.Models\FundAdminRestAPI.Models.csproj", "{12E6BF34-F7CA-4233-936F-C4DF9F1F829C}"
EndProject
Project("{FAE04EC0-301F-11D3-BF4B-00C04F79EFBC}") = "FundAdminRestAPI.UnitTests", "FundAdminRestAPI.UnitTests\FundAdminRestAPI.UnitTests.csproj", "{0E0884B8-F14C-4C7E-B135-50A090321488}"
EndProject
Project("{FAE04EC0-301F-11D3-BF4B-00C04F79EFBC}") = "FundAdminRestAPI.Console", "FundAdminRestAPI.Console\FundAdminRestAPI.Console.csproj", "{61CDB2CC-C8D6-48EC-A149-BBD25D034C20}"
EndProject
Global
	GlobalSection(SolutionConfigurationPlatforms) = preSolution
		Debug|Any CPU = Debug|Any CPU
		Release|Any CPU = Release|Any CPU
	EndGlobalSection
	GlobalSection(ProjectConfigurationPlatforms) = postSolution
		{4A677EE0-5176-4E7C-9D1B-AD562AE92BF7}.Debug|Any CPU.ActiveCfg = Debug|Any CPU
		{4A677EE0-5176-4E7C-9D1B-AD562AE92BF7}.Debug|Any CPU.Build.0 = Debug|Any CPU
		{4A677EE0-5176-4E7C-9D1B-AD562AE92BF7}.Release|Any CPU.ActiveCfg = Release|Any CPU
		{4A677EE0-5176-4E7C-9D1B-AD562AE92BF7}.Release|Any CPU.Build.0 = Release|Any CPU
		{BB48023D-188C-4CFF-86BE-8FF0341E8E8D}.Debug|Any CPU.ActiveCfg = Debug|Any CPU
		{BB48023D-188C-4CFF-86BE-8FF0341E8E8D}.Debug|Any CPU.Build.0 = Debug|Any CPU
		{BB48023D-188C-4CFF-86BE-8FF0341E8E8D}.Release|Any CPU.ActiveCfg = Release|Any CPU
		{BB48023D-188C-4CFF-86BE-8FF0341E8E8D}.Release|Any CPU.Build.0 = Release|Any CPU
		{B771CF17-79EE-41E9-82D9-B9EC95887B48}.Debug|Any CPU.ActiveCfg = Debug|Any CPU
		{B771CF17-79EE-41E9-82D9-B9EC95887B48}.Debug|Any CPU.Build.0 = Debug|Any CPU
		{B771CF17-79EE-41E9-82D9-B9EC95887B48}.Release|Any CPU.ActiveCfg = Release|Any CPU
		{B771CF17-79EE-41E9-82D9-B9EC95887B48}.Release|Any CPU.Build.0 = Release|Any CPU
		{397C11AB-64BF-43D8-84AA-26F2773C3216}.Debug|Any CPU.ActiveCfg = Debug|Any CPU
		{397C11AB-64BF-43D8-84AA-26F2773C3216}.Debug|Any CPU.Build.0 = Debug|Any CPU
		{397C11AB-64BF-43D8-84AA-26F2773C3216}.Release|Any CPU.ActiveCfg = Release|Any CPU
		{397C11AB-64BF-43D8-84AA-26F2773C3216}.Release|Any CPU.Build.0 = Release|Any CPU
		{B1917C5A-9F31-4B24-9CA8-AA44C525F45D}.Debug|Any CPU.ActiveCfg = Debug|Any CPU
		{B1917C5A-9F31-4B24-9CA8-AA44C525F45D}.Debug|Any CPU.Build.0 = Debug|Any CPU
		{B1917C5A-9F31-4B24-9CA8-AA44C525F45D}.Release|Any CPU.ActiveCfg = Release|Any CPU
		{B1917C5A-9F31-4B24-9CA8-AA44C525F45D}.Release|Any CPU.Build.0 = Release|Any CPU
		{12E6BF34-F7CA-4233-936F-C4DF9F1F829C}.Debug|Any CPU.ActiveCfg = Debug|Any CPU
		{12E6BF34-F7CA-4233-936F-C4DF9F1F829C}.Debug|Any CPU.Build.0 = Debug|Any CPU
		{12E6BF34-F7CA-4233-936F-C4DF9F1F829C}.Release|Any CPU.ActiveCfg = Release|Any CPU
		{12E6BF34-F7CA-4233-936F-C4DF9F1F829C}.Release|Any CPU.Build.0 = Release|Any CPU
		{0E0884B8-F14C-4C7E-B135-50A090321488}.Debug|Any CPU.ActiveCfg = Debug|Any CPU
		{0E0884B8-F14C-4C7E-B135-50A090321488}.Debug|Any CPU.Build.0 = Debug|Any CPU
		{0E0884B8-F14C-4C7E-B135-50A090321488}.Release|Any CPU.ActiveCfg = Release|Any CPU
		{0E0884B8-F14C-4C7E-B135-50A090321488}.Release|Any CPU.Build.0 = Release|Any CPU
		{61CDB2CC-C8D6-48EC-A149-BBD25D034C20}.Debug|Any CPU.ActiveCfg = Debug|Any CPU
		{61CDB2CC-C8D6-48EC-A149-BBD25D034C20}.Debug|Any CPU.Build.0 = Debug|Any CPU
		{61CDB2CC-C8D6-48EC-A149-BBD25D034C20}.Release|Any CPU.ActiveCfg = Release|Any CPU
		{61CDB2CC-C8D6-48EC-A149-BBD25D034C20}.Release|Any CPU.Build.0 = Release|Any CPU
	EndGlobalSection
	GlobalSection(SolutionProperties) = preSolution
		HideSolutionNode = FALSE
	EndGlobalSection
	GlobalSection(NestedProjects) = preSolution
		{4A677EE0-5176-4E7C-9D1B-AD562AE92BF7} = {D15CDB08-C685-4D3E-B30B-181978C1FF84}
		{BB48023D-188C-4CFF-86BE-8FF0341E8E8D} = {D15CDB08-C685-4D3E-B30B-181978C1FF84}
		{B771CF17-79EE-41E9-82D9-B9EC95887B48} = {D15CDB08-C685-4D3E-B30B-181978C1FF84}
		{397C11AB-64BF-43D8-84AA-26F2773C3216} = {D15CDB08-C685-4D3E-B30B-181978C1FF84}
		{B1917C5A-9F31-4B24-9CA8-AA44C525F45D} = {D15CDB08-C685-4D3E-B30B-181978C1FF84}
		{12E6BF34-F7CA-4233-936F-C4DF9F1F829C} = {D15CDB08-C685-4D3E-B30B-181978C1FF84}
		{0E0884B8-F14C-4C7E-B135-50A090321488} = {5C2217FF-EB32-43C9-8A6C-69877E1989B3}
		{61CDB2CC-C8D6-48EC-A149-BBD25D034C20} = {D15CDB08-C685-4D3E-B30B-181978C1FF84}
	EndGlobalSection
	GlobalSection(ExtensibilityGlobals) = postSolution
		SolutionGuid = {21C57321-FA7D-4B3C-A2B6-98716C2EE41A}
	EndGlobalSection
EndGlobal
